
Microsoft Visual Studio Solution File, Format Version 12.00
# Visual Studio Version 17
VisualStudioVersion = 17.5.33502.453
MinimumVisualStudioVersion = 10.0.40219.1
Project("{FAE04EC0-301F-11D3-BF4B-00C04F79EFBC}") = "homework1_console", "homework1_console\homework1_console.csproj", "{D4DD0973-4154-46C7-B910-C5716341B1EC}"
EndProject
Global
	GlobalSection(SolutionConfigurationPlatforms) = preSolution
		Debug|Any CPU = Debug|Any CPU
		Release|Any CPU = Release|Any CPU
	EndGlobalSection
	GlobalSection(ProjectConfigurationPlatforms) = postSolution
		{D4DD0973-4154-46C7-B910-C5716341B1EC}.Debug|Any CPU.ActiveCfg = Debug|Any CPU
		{D4DD0973-4154-46C7-B910-C5716341B1EC}.Debug|Any CPU.Build.0 = Debug|Any CPU
		{D4DD0973-4154-46C7-B910-C5716341B1EC}.Release|Any CPU.ActiveCfg = Release|Any CPU
		{D4DD0973-4154-46C7-B910-C5716341B1EC}.Release|Any CPU.Build.0 = Release|Any CPU
	EndGlobalSection
	GlobalSection(SolutionProperties) = preSolution
		HideSolutionNode = FALSE
	EndGlobalSection
	GlobalSection(ExtensibilityGlobals) = postSolution
		SolutionGuid = {5B08E18D-591C-418D-992D-4D9DE2CC125A}
	EndGlobalSection
EndGlobal
